
Microsoft Visual Studio Solution File, Format Version 12.00
# Visual Studio Version 17
VisualStudioVersion = 17.0.31903.59
MinimumVisualStudioVersion = 10.0.40219.1
Project("{FAE04EC0-301F-11D3-BF4B-00C04F79EFBC}") = "IvaFacilitador", "IvaFacilitador.csproj", "{F22A0F1B-4781-4660-A4C3-563D1454892F}"
EndProject
Project("{2150E333-8FDC-42A3-9474-1A3956D46DE8}") = "tests", "tests", "{7161AC03-5D1F-4EA5-93EE-188BE12A819C}"
EndProject
Project("{FAE04EC0-301F-11D3-BF4B-00C04F79EFBC}") = "IvaFacilitador.Tests", "tests\IvaFacilitador.Tests\IvaFacilitador.Tests.csproj", "{1DD128A1-3935-41AC-9634-C8CE5EC93E53}"
EndProject
Global
	GlobalSection(SolutionConfigurationPlatforms) = preSolution
		Debug|Any CPU = Debug|Any CPU
		Release|Any CPU = Release|Any CPU
	EndGlobalSection
	GlobalSection(SolutionProperties) = preSolution
		HideSolutionNode = FALSE
	EndGlobalSection
	GlobalSection(ProjectConfigurationPlatforms) = postSolution
		{F22A0F1B-4781-4660-A4C3-563D1454892F}.Debug|Any CPU.ActiveCfg = Debug|Any CPU
		{F22A0F1B-4781-4660-A4C3-563D1454892F}.Debug|Any CPU.Build.0 = Debug|Any CPU
		{F22A0F1B-4781-4660-A4C3-563D1454892F}.Release|Any CPU.ActiveCfg = Release|Any CPU
		{F22A0F1B-4781-4660-A4C3-563D1454892F}.Release|Any CPU.Build.0 = Release|Any CPU
		{1DD128A1-3935-41AC-9634-C8CE5EC93E53}.Debug|Any CPU.ActiveCfg = Debug|Any CPU
		{1DD128A1-3935-41AC-9634-C8CE5EC93E53}.Debug|Any CPU.Build.0 = Debug|Any CPU
		{1DD128A1-3935-41AC-9634-C8CE5EC93E53}.Release|Any CPU.ActiveCfg = Release|Any CPU
		{1DD128A1-3935-41AC-9634-C8CE5EC93E53}.Release|Any CPU.Build.0 = Release|Any CPU
	EndGlobalSection
	GlobalSection(NestedProjects) = preSolution
		{1DD128A1-3935-41AC-9634-C8CE5EC93E53} = {7161AC03-5D1F-4EA5-93EE-188BE12A819C}
	EndGlobalSection
EndGlobal
